
Microsoft Visual Studio Solution File, Format Version 12.00
# Visual Studio Version 16
VisualStudioVersion = 16.0.31727.386
MinimumVisualStudioVersion = 10.0.40219.1
Project("{FAE04EC0-301F-11D3-BF4B-00C04F79EFBC}") = "CollectionDemo", "CollectionDemo.csproj", "{8A688D93-0B60-425E-A41B-63306BA18532}"
EndProject
Global
	GlobalSection(SolutionConfigurationPlatforms) = preSolution
		Debug|Any CPU = Debug|Any CPU
		Release|Any CPU = Release|Any CPU
	EndGlobalSection
	GlobalSection(ProjectConfigurationPlatforms) = postSolution
		{8A688D93-0B60-425E-A41B-63306BA18532}.Debug|Any CPU.ActiveCfg = Debug|Any CPU
		{8A688D93-0B60-425E-A41B-63306BA18532}.Debug|Any CPU.Build.0 = Debug|Any CPU
		{8A688D93-0B60-425E-A41B-63306BA18532}.Release|Any CPU.ActiveCfg = Release|Any CPU
		{8A688D93-0B60-425E-A41B-63306BA18532}.Release|Any CPU.Build.0 = Release|Any CPU
	EndGlobalSection
	GlobalSection(SolutionProperties) = preSolution
		HideSolutionNode = FALSE
	EndGlobalSection
	GlobalSection(ExtensibilityGlobals) = postSolution
		SolutionGuid = {15FC029B-C9C2-4291-A393-2014E3C1DDC6}
	EndGlobalSection
EndGlobal
